
Microsoft Visual Studio Solution File, Format Version 12.00
# Visual Studio Version 16
VisualStudioVersion = 16.0.34601.136
MinimumVisualStudioVersion = 10.0.40219.1
Project("{FAE04EC0-301F-11D3-BF4B-00C04F79EFBC}") = "ConsumirAPI_Ajax", "ConsumirAPI_Ajax.csproj", "{E44E835F-5A51-4859-A2E9-6A5571DF9307}"
EndProject
Global
	GlobalSection(SolutionConfigurationPlatforms) = preSolution
		Debug|Any CPU = Debug|Any CPU
		Release|Any CPU = Release|Any CPU
	EndGlobalSection
	GlobalSection(ProjectConfigurationPlatforms) = postSolution
		{E44E835F-5A51-4859-A2E9-6A5571DF9307}.Debug|Any CPU.ActiveCfg = Debug|Any CPU
		{E44E835F-5A51-4859-A2E9-6A5571DF9307}.Debug|Any CPU.Build.0 = Debug|Any CPU
		{E44E835F-5A51-4859-A2E9-6A5571DF9307}.Release|Any CPU.ActiveCfg = Release|Any CPU
		{E44E835F-5A51-4859-A2E9-6A5571DF9307}.Release|Any CPU.Build.0 = Release|Any CPU
	EndGlobalSection
	GlobalSection(SolutionProperties) = preSolution
		HideSolutionNode = FALSE
	EndGlobalSection
	GlobalSection(ExtensibilityGlobals) = postSolution
		SolutionGuid = {4EC23DE4-A659-4BE3-BF55-B1418FD6ED1B}
	EndGlobalSection
EndGlobal
